{
  "object": {
    "pins": [
      {
        "package": "Advance",
        "repositoryURL": "https://github.com/timdonnelly/Advance",
        "state": {
          "branch": null,
          "revision": "0654131d602c85c58a4c89b2f95ad1ef2894f8fd",
          "version": "3.1.1"
        }
      }
    ]
  },
  "version": 1
}
