// !$*UTF8*$!
{
	archiveVersion = 1;
	classes = {
	};
	objectVersion = 50;
	objects = {

/* Begin PBXBuildFile section */
		660E3481247E508100C74767 /* AppDelegate.swift in Sources */ = {isa = PBXBuildFile; fileRef = 660E3480247E508100C74767 /* AppDelegate.swift */; };
		660E3483247E508100C74767 /* SceneDelegate.swift in Sources */ = {isa = PBXBuildFile; fileRef = 660E3482247E508100C74767 /* SceneDelegate.swift */; };
		660E3485247E508100C74767 /* ContentView.swift in Sources */ = {isa = PBXBuildFile; fileRef = 660E3484247E508100C74767 /* ContentView.swift */; };
		660E3487247E508300C74767 /* Assets.xcassets in Resources */ = {isa = PBXBuildFile; fileRef = 660E3486247E508300C74767 /* Assets.xcassets */; };
		660E348A247E508300C74767 /* Preview Assets.xcassets in Resources */ = {isa = PBXBuildFile; fileRef = 660E3489247E508300C74767 /* Preview Assets.xcassets */; };
		660E348D247E508300C74767 /* LaunchScreen.storyboard in Resources */ = {isa = PBXBuildFile; fileRef = 660E348B247E508300C74767 /* LaunchScreen.storyboard */; };
		660E349B247E50A100C74767 /* Decomposed.framework in Frameworks */ = {isa = PBXBuildFile; fileRef = 660E3499247E509C00C74767 /* Decomposed.framework */; };
		660E349C247E50A100C74767 /* Decomposed.framework in Embed Frameworks */ = {isa = PBXBuildFile; fileRef = 660E3499247E509C00C74767 /* Decomposed.framework */; settings = {ATTRIBUTES = (CodeSignOnCopy, RemoveHeadersOnCopy, ); }; };
/* End PBXBuildFile section */

/* Begin PBXContainerItemProxy section */
		660E3498247E509C00C74767 /* PBXContainerItemProxy */ = {
			isa = PBXContainerItemProxy;
			containerPortal = 660E3494247E509C00C74767 /* Decomposed.xcodeproj */;
			proxyType = 2;
			remoteGlobalIDString = 662B67E7247DE3400021C80B;
			remoteInfo = Decomposed;
		};
		660E349E247E50A600C74767 /* PBXContainerItemProxy */ = {
			isa = PBXContainerItemProxy;
			containerPortal = 660E3494247E509C00C74767 /* Decomposed.xcodeproj */;
			proxyType = 1;
			remoteGlobalIDString = 662B67E6247DE3400021C80B;
			remoteInfo = Decomposed;
		};
/* End PBXContainerItemProxy section */

/* Begin PBXCopyFilesBuildPhase section */
		660E349D247E50A100C74767 /* Embed Frameworks */ = {
			isa = PBXCopyFilesBuildPhase;
			buildActionMask = 2147483647;
			dstPath = "";
			dstSubfolderSpec = 10;
			files = (
				660E349C247E50A100C74767 /* Decomposed.framework in Embed Frameworks */,
			);
			name = "Embed Frameworks";
			runOnlyForDeploymentPostprocessing = 0;
		};
/* End PBXCopyFilesBuildPhase section */

/* Begin PBXFileReference section */
		660E347D247E508100C74767 /* DecomposedSwiftUI.app */ = {isa = PBXFileReference; explicitFileType = wrapper.application; includeInIndex = 0; path = DecomposedSwiftUI.app; sourceTree = BUILT_PRODUCTS_DIR; };
		660E3480247E508100C74767 /* AppDelegate.swift */ = {isa = PBXFileReference; lastKnownFileType = sourcecode.swift; path = AppDelegate.swift; sourceTree = "<group>"; };
		660E3482247E508100C74767 /* SceneDelegate.swift */ = {isa = PBXFileReference; lastKnownFileType = sourcecode.swift; path = SceneDelegate.swift; sourceTree = "<group>"; };
		660E3484247E508100C74767 /* ContentView.swift */ = {isa = PBXFileReference; lastKnownFileType = sourcecode.swift; path = ContentView.swift; sourceTree = "<group>"; };
		660E3486247E508300C74767 /* Assets.xcassets */ = {isa = PBXFileReference; lastKnownFileType = folder.assetcatalog; path = Assets.xcassets; sourceTree = "<group>"; };
		660E3489247E508300C74767 /* Preview Assets.xcassets */ = {isa = PBXFileReference; lastKnownFileType = folder.assetcatalog; path = "Preview Assets.xcassets"; sourceTree = "<group>"; };
		660E348C247E508300C74767 /* Base */ = {isa = PBXFileReference; lastKnownFileType = file.storyboard; name = Base; path = Base.lproj/LaunchScreen.storyboard; sourceTree = "<group>"; };
		660E348E247E508400C74767 /* Info.plist */ = {isa = PBXFileReference; lastKnownFileType = text.plist.xml; path = Info.plist; sourceTree = "<group>"; };
		660E3494247E509C00C74767 /* Decomposed.xcodeproj */ = {isa = PBXFileReference; lastKnownFileType = "wrapper.pb-project"; name = Decomposed.xcodeproj; path = ../../Decomposed.xcodeproj; sourceTree = "<group>"; };
/* End PBXFileReference section */

/* Begin PBXFrameworksBuildPhase section */
		660E347A247E508100C74767 /* Frameworks */ = {
			isa = PBXFrameworksBuildPhase;
			buildActionMask = 2147483647;
			files = (
				660E349B247E50A100C74767 /* Decomposed.framework in Frameworks */,
			);
			runOnlyForDeploymentPostprocessing = 0;
		};
/* End PBXFrameworksBuildPhase section */

/* Begin PBXGroup section */
		660E3474247E508100C74767 = {
			isa = PBXGroup;
			children = (
				660E3494247E509C00C74767 /* Decomposed.xcodeproj */,
				660E347F247E508100C74767 /* DecomposedSwiftUI */,
				660E347E247E508100C74767 /* Products */,
				660E349A247E50A100C74767 /* Frameworks */,
			);
			sourceTree = "<group>";
		};
		660E347E247E508100C74767 /* Products */ = {
			isa = PBXGroup;
			children = (
				660E347D247E508100C74767 /* DecomposedSwiftUI.app */,
			);
			name = Products;
			sourceTree = "<group>";
		};
		660E347F247E508100C74767 /* DecomposedSwiftUI */ = {
			isa = PBXGroup;
			children = (
				660E3480247E508100C74767 /* AppDelegate.swift */,
				660E3482247E508100C74767 /* SceneDelegate.swift */,
				660E3484247E508100C74767 /* ContentView.swift */,
				660E3486247E508300C74767 /* Assets.xcassets */,
				660E348B247E508300C74767 /* LaunchScreen.storyboard */,
				660E348E247E508400C74767 /* Info.plist */,
				660E3488247E508300C74767 /* Preview Content */,
			);
			path = DecomposedSwiftUI;
			sourceTree = "<group>";
		};
		660E3488247E508300C74767 /* Preview Content */ = {
			isa = PBXGroup;
			children = (
				660E3489247E508300C74767 /* Preview Assets.xcassets */,
			);
			path = "Preview Content";
			sourceTree = "<group>";
		};
		660E3495247E509C00C74767 /* Products */ = {
			isa = PBXGroup;
			children = (
				660E3499247E509C00C74767 /* Decomposed.framework */,
			);
			name = Products;
			sourceTree = "<group>";
		};
		660E349A247E50A100C74767 /* Frameworks */ = {
			isa = PBXGroup;
			children = (
			);
			name = Frameworks;
			sourceTree = "<group>";
		};
/* End PBXGroup section */

/* Begin PBXNativeTarget section */
		660E347C247E508100C74767 /* DecomposedSwiftUI */ = {
			isa = PBXNativeTarget;
			buildConfigurationList = 660E3491247E508400C74767 /* Build configuration list for PBXNativeTarget "DecomposedSwiftUI" */;
			buildPhases = (
				660E3479247E508100C74767 /* Sources */,
				660E347A247E508100C74767 /* Frameworks */,
				660E347B247E508100C74767 /* Resources */,
				660E349D247E50A100C74767 /* Embed Frameworks */,
			);
			buildRules = (
			);
			dependencies = (
				660E349F247E50A600C74767 /* PBXTargetDependency */,
			);
			name = DecomposedSwiftUI;
			productName = DecomposedSwiftUI;
			productReference = 660E347D247E508100C74767 /* DecomposedSwiftUI.app */;
			productType = "com.apple.product-type.application";
		};
/* End PBXNativeTarget section */

/* Begin PBXProject section */
		660E3475247E508100C74767 /* Project object */ = {
			isa = PBXProject;
			attributes = {
				LastSwiftUpdateCheck = 1150;
				LastUpgradeCheck = 1150;
				ORGANIZATIONNAME = "Adam Bell";
				TargetAttributes = {
					660E347C247E508100C74767 = {
						CreatedOnToolsVersion = 11.5;
					};
				};
			};
			buildConfigurationList = 660E3478247E508100C74767 /* Build configuration list for PBXProject "DecomposedSwiftUI" */;
			compatibilityVersion = "Xcode 9.3";
			developmentRegion = en;
			hasScannedForEncodings = 0;
			knownRegions = (
				en,
				Base,
			);
			mainGroup = 660E3474247E508100C74767;
			productRefGroup = 660E347E247E508100C74767 /* Products */;
			projectDirPath = "";
			projectReferences = (
				{
					ProductGroup = 660E3495247E509C00C74767 /* Products */;
					ProjectRef = 660E3494247E509C00C74767 /* Decomposed.xcodeproj */;
				},
			);
			projectRoot = "";
			targets = (
				660E347C247E508100C74767 /* DecomposedSwiftUI */,
			);
		};
/* End PBXProject section */

/* Begin PBXReferenceProxy section */
		660E3499247E509C00C74767 /* Decomposed.framework */ = {
			isa = PBXReferenceProxy;
			fileType = wrapper.framework;
			path = Decomposed.framework;
			remoteRef = 660E3498247E509C00C74767 /* PBXContainerItemProxy */;
			sourceTree = BUILT_PRODUCTS_DIR;
		};
/* End PBXReferenceProxy section */

/* Begin PBXResourcesBuildPhase section */
		660E347B247E508100C74767 /* Resources */ = {
			isa = PBXResourcesBuildPhase;
			buildActionMask = 2147483647;
			files = (
				660E348D247E508300C74767 /* LaunchScreen.storyboard in Resources */,
				660E348A247E508300C74767 /* Preview Assets.xcassets in Resources */,
				660E3487247E508300C74767 /* Assets.xcassets in Resources */,
			);
			runOnlyForDeploymentPostprocessing = 0;
		};
/* End PBXResourcesBuildPhase section */

/* Begin PBXSourcesBuildPhase section */
		660E3479247E508100C74767 /* Sources */ = {
			isa = PBXSourcesBuildPhase;
			buildActionMask = 2147483647;
			files = (
				660E3481247E508100C74767 /* AppDelegate.swift in Sources */,
				660E3483247E508100C74767 /* SceneDelegate.swift in Sources */,
				660E3485247E508100C74767 /* ContentView.swift in Sources */,
			);
			runOnlyForDeploymentPostprocessing = 0;
		};
/* End PBXSourcesBuildPhase section */

/* Begin PBXTargetDependency section */
		660E349F247E50A600C74767 /* PBXTargetDependency */ = {
			isa = PBXTargetDependency;
			name = Decomposed;
			targetProxy = 660E349E247E50A600C74767 /* PBXContainerItemProxy */;
		};
/* End PBXTargetDependency section */

/* Begin PBXVariantGroup section */
		660E348B247E508300C74767 /* LaunchScreen.storyboard */ = {
			isa = PBXVariantGroup;
			children = (
				660E348C247E508300C74767 /* Base */,
			);
			name = LaunchScreen.storyboard;
			sourceTree = "<group>";
		};
/* End PBXVariantGroup section */

/* Begin XCBuildConfiguration section */
		660E348F247E508400C74767 /* Debug */ = {
			isa = XCBuildConfiguration;
			buildSettings = {
				ALWAYS_SEARCH_USER_PATHS = NO;
				CLANG_ANALYZER_NONNULL = YES;
				CLANG_ANALYZER_NUMBER_OBJECT_CONVERSION = YES_AGGRESSIVE;
				CLANG_CXX_LANGUAGE_STANDARD = "gnu++14";
				CLANG_CXX_LIBRARY = "libc++";
				CLANG_ENABLE_MODULES = YES;
				CLANG_ENABLE_OBJC_ARC = YES;
				CLANG_ENABLE_OBJC_WEAK = YES;
				CLANG_WARN_BLOCK_CAPTURE_AUTORELEASING = YES;
				CLANG_WARN_BOOL_CONVERSION = YES;
				CLANG_WARN_COMMA = YES;
				CLANG_WARN_CONSTANT_CONVERSION = YES;
				CLANG_WARN_DEPRECATED_OBJC_IMPLEMENTATIONS = YES;
				CLANG_WARN_DIRECT_OBJC_ISA_USAGE = YES_ERROR;
				CLANG_WARN_DOCUMENTATION_COMMENTS = YES;
				CLANG_WARN_EMPTY_BODY = YES;
				CLANG_WARN_ENUM_CONVERSION = YES;
				CLANG_WARN_INFINITE_RECURSION = YES;
				CLANG_WARN_INT_CONVERSION = YES;
				CLANG_WARN_NON_LITERAL_NULL_CONVERSION = YES;
				CLANG_WARN_OBJC_IMPLICIT_RETAIN_SELF = YES;
				CLANG_WARN_OBJC_LITERAL_CONVERSION = YES;
				CLANG_WARN_OBJC_ROOT_CLASS = YES_ERROR;
				CLANG_WARN_RANGE_LOOP_ANALYSIS = YES;
				CLANG_WARN_STRICT_PROTOTYPES = YES;
				CLANG_WARN_SUSPICIOUS_MOVE = YES;
				CLANG_WARN_UNGUARDED_AVAILABILITY = YES_AGGRESSIVE;
				CLANG_WARN_UNREACHABLE_CODE = YES;
				CLANG_WARN__DUPLICATE_METHOD_MATCH = YES;
				COPY_PHASE_STRIP = NO;
				DEBUG_INFORMATION_FORMAT = dwarf;
				ENABLE_STRICT_OBJC_MSGSEND = YES;
				ENABLE_TESTABILITY = YES;
				GCC_C_LANGUAGE_STANDARD = gnu11;
				GCC_DYNAMIC_NO_PIC = NO;
				GCC_NO_COMMON_BLOCKS = YES;
				GCC_OPTIMIZATION_LEVEL = 0;
				GCC_PREPROCESSOR_DEFINITIONS = (
					"DEBUG=1",
					"$(inherited)",
				);
				GCC_WARN_64_TO_32_BIT_CONVERSION = YES;
				GCC_WARN_ABOUT_RETURN_TYPE = YES_ERROR;
				GCC_WARN_UNDECLARED_SELECTOR = YES;
				GCC_WARN_UNINITIALIZED_AUTOS = YES_AGGRESSIVE;
				GCC_WARN_UNUSED_FUNCTION = YES;
				GCC_WARN_UNUSED_VARIABLE = YES;
				IPHONEOS_DEPLOYMENT_TARGET = 13.5;
				MTL_ENABLE_DEBUG_INFO = INCLUDE_SOURCE;
				MTL_FAST_MATH = YES;
				ONLY_ACTIVE_ARCH = YES;
				SDKROOT = iphoneos;
				SWIFT_ACTIVE_COMPILATION_CONDITIONS = DEBUG;
				SWIFT_OPTIMIZATION_LEVEL = "-Onone";
			};
			name = Debug;
		};
		660E3490247E508400C74767 /* Release */ = {
			isa = XCBuildConfiguration;
			buildSettings = {
				ALWAYS_SEARCH_USER_PATHS = NO;
				CLANG_ANALYZER_NONNULL = YES;
				CLANG_ANALYZER_NUMBER_OBJECT_CONVERSION = YES_AGGRESSIVE;
				CLANG_CXX_LANGUAGE_STANDARD = "gnu++14";
				CLANG_CXX_LIBRARY = "libc++";
				CLANG_ENABLE_MODULES = YES;
				CLANG_ENABLE_OBJC_ARC = YES;
				CLANG_ENABLE_OBJC_WEAK = YES;
				CLANG_WARN_BLOCK_CAPTURE_AUTORELEASING = YES;
				CLANG_WARN_BOOL_CONVERSION = YES;
				CLANG_WARN_COMMA = YES;
				CLANG_WARN_CONSTANT_CONVERSION = YES;
				CLANG_WARN_DEPRECATED_OBJC_IMPLEMENTATIONS = YES;
				CLANG_WARN_DIRECT_OBJC_ISA_USAGE = YES_ERROR;
				CLANG_WARN_DOCUMENTATION_COMMENTS = YES;
				CLANG_WARN_EMPTY_BODY = YES;
				CLANG_WARN_ENUM_CONVERSION = YES;
				CLANG_WARN_INFINITE_RECURSION = YES;
				CLANG_WARN_INT_CONVERSION = YES;
				CLANG_WARN_NON_LITERAL_NULL_CONVERSION = YES;
				CLANG_WARN_OBJC_IMPLICIT_RETAIN_SELF = YES;
				CLANG_WARN_OBJC_LITERAL_CONVERSION = YES;
				CLANG_WARN_OBJC_ROOT_CLASS = YES_ERROR;
				CLANG_WARN_RANGE_LOOP_ANALYSIS = YES;
				CLANG_WARN_STRICT_PROTOTYPES = YES;
				CLANG_WARN_SUSPICIOUS_MOVE = YES;
				CLANG_WARN_UNGUARDED_AVAILABILITY = YES_AGGRESSIVE;
				CLANG_WARN_UNREACHABLE_CODE = YES;
				CLANG_WARN__DUPLICATE_METHOD_MATCH = YES;
				COPY_PHASE_STRIP = NO;
				DEBUG_INFORMATION_FORMAT = "dwarf-with-dsym";
				ENABLE_NS_ASSERTIONS = NO;
				ENABLE_STRICT_OBJC_MSGSEND = YES;
				GCC_C_LANGUAGE_STANDARD = gnu11;
				GCC_NO_COMMON_BLOCKS = YES;
				GCC_WARN_64_TO_32_BIT_CONVERSION = YES;
				GCC_WARN_ABOUT_RETURN_TYPE = YES_ERROR;
				GCC_WARN_UNDECLARED_SELECTOR = YES;
				GCC_WARN_UNINITIALIZED_AUTOS = YES_AGGRESSIVE;
				GCC_WARN_UNUSED_FUNCTION = YES;
				GCC_WARN_UNUSED_VARIABLE = YES;
				IPHONEOS_DEPLOYMENT_TARGET = 13.5;
				MTL_ENABLE_DEBUG_INFO = NO;
				MTL_FAST_MATH = YES;
				SDKROOT = iphoneos;
				SWIFT_COMPILATION_MODE = wholemodule;
				SWIFT_OPTIMIZATION_LEVEL = "-O";
				VALIDATE_PRODUCT = YES;
			};
			name = Release;
		};
		660E3492247E508400C74767 /* Debug */ = {
			isa = XCBuildConfiguration;
			buildSettings = {
				ASSETCATALOG_COMPILER_APPICON_NAME = AppIcon;
				CODE_SIGN_STYLE = Automatic;
				DEVELOPMENT_ASSET_PATHS = "\"DecomposedSwiftUI/Preview Content\"";
				DEVELOPMENT_TEAM = 6TK23TLYP7;
				ENABLE_PREVIEWS = YES;
				INFOPLIST_FILE = DecomposedSwiftUI/Info.plist;
				LD_RUNPATH_SEARCH_PATHS = (
					"$(inherited)",
					"@executable_path/Frameworks",
				);
				PRODUCT_BUNDLE_IDENTIFIER = ca.adambell.DecomposedSwiftUI;
				PRODUCT_NAME = "$(TARGET_NAME)";
				SWIFT_VERSION = 5.0;
				TARGETED_DEVICE_FAMILY = "1,2";
			};
			name = Debug;
		};
		660E3493247E508400C74767 /* Release */ = {
			isa = XCBuildConfiguration;
			buildSettings = {
				ASSETCATALOG_COMPILER_APPICON_NAME = AppIcon;
				CODE_SIGN_STYLE = Automatic;
				DEVELOPMENT_ASSET_PATHS = "\"DecomposedSwiftUI/Preview Content\"";
				DEVELOPMENT_TEAM = 6TK23TLYP7;
				ENABLE_PREVIEWS = YES;
				INFOPLIST_FILE = DecomposedSwiftUI/Info.plist;
				LD_RUNPATH_SEARCH_PATHS = (
					"$(inherited)",
					"@executable_path/Frameworks",
				);
				PRODUCT_BUNDLE_IDENTIFIER = ca.adambell.DecomposedSwiftUI;
				PRODUCT_NAME = "$(TARGET_NAME)";
				SWIFT_VERSION = 5.0;
				TARGETED_DEVICE_FAMILY = "1,2";
			};
			name = Release;
		};
/* End XCBuildConfiguration section */

/* Begin XCConfigurationList section */
		660E3478247E508100C74767 /* Build configuration list for PBXProject "DecomposedSwiftUI" */ = {
			isa = XCConfigurationList;
			buildConfigurations = (
				660E348F247E508400C74767 /* Debug */,
				660E3490247E508400C74767 /* Release */,
			);
			defaultConfigurationIsVisible = 0;
			defaultConfigurationName = Release;
		};
		660E3491247E508400C74767 /* Build configuration list for PBXNativeTarget "DecomposedSwiftUI" */ = {
			isa = XCConfigurationList;
			buildConfigurations = (
				660E3492247E508400C74767 /* Debug */,
				660E3493247E508400C74767 /* Release */,
			);
			defaultConfigurationIsVisible = 0;
			defaultConfigurationName = Release;
		};
/* End XCConfigurationList section */
	};
	rootObject = 660E3475247E508100C74767 /* Project object */;
}
