// !$*UTF8*$!
{
	archiveVersion = 1;
	classes = {
	};
	objectVersion = 50;
	objects = {

/* Begin PBXBuildFile section */
		6661E1EC247DE6B20023803C /* Decomposed.framework in Frameworks */ = {isa = PBXBuildFile; fileRef = 6661E1EB247DE6AC0023803C /* Decomposed.framework */; };
		66B1E7742479B324007559EB /* AppDelegate.swift in Sources */ = {isa = PBXBuildFile; fileRef = 66B1E7732479B324007559EB /* AppDelegate.swift */; };
		66B1E7782479B324007559EB /* ViewController.swift in Sources */ = {isa = PBXBuildFile; fileRef = 66B1E7772479B324007559EB /* ViewController.swift */; };
		66B1E77D2479B324007559EB /* Assets.xcassets in Resources */ = {isa = PBXBuildFile; fileRef = 66B1E77C2479B324007559EB /* Assets.xcassets */; };
		66B1E7802479B324007559EB /* LaunchScreen.storyboard in Resources */ = {isa = PBXBuildFile; fileRef = 66B1E77E2479B324007559EB /* LaunchScreen.storyboard */; };
		66E253D4247B13D10015E320 /* Plane.swift in Sources */ = {isa = PBXBuildFile; fileRef = 66E253D3247B13D10015E320 /* Plane.swift */; };
/* End PBXBuildFile section */

/* Begin PBXContainerItemProxy section */
		6661E1EA247DE6AC0023803C /* PBXContainerItemProxy */ = {
			isa = PBXContainerItemProxy;
			containerPortal = 6661E1E6247DE6AC0023803C /* Decomposed.xcodeproj */;
			proxyType = 2;
			remoteGlobalIDString = 662B67E7247DE3400021C80B;
			remoteInfo = Decomposed;
		};
/* End PBXContainerItemProxy section */

/* Begin PBXFileReference section */
		6661E1E6247DE6AC0023803C /* Decomposed.xcodeproj */ = {isa = PBXFileReference; lastKnownFileType = "wrapper.pb-project"; name = Decomposed.xcodeproj; path = ../../Decomposed.xcodeproj; sourceTree = "<group>"; };
		66B1E7702479B324007559EB /* DecomposedAR.app */ = {isa = PBXFileReference; explicitFileType = wrapper.application; includeInIndex = 0; path = DecomposedAR.app; sourceTree = BUILT_PRODUCTS_DIR; };
		66B1E7732479B324007559EB /* AppDelegate.swift */ = {isa = PBXFileReference; lastKnownFileType = sourcecode.swift; path = AppDelegate.swift; sourceTree = "<group>"; };
		66B1E7772479B324007559EB /* ViewController.swift */ = {isa = PBXFileReference; lastKnownFileType = sourcecode.swift; path = ViewController.swift; sourceTree = "<group>"; };
		66B1E77C2479B324007559EB /* Assets.xcassets */ = {isa = PBXFileReference; lastKnownFileType = folder.assetcatalog; path = Assets.xcassets; sourceTree = "<group>"; };
		66B1E77F2479B324007559EB /* Base */ = {isa = PBXFileReference; lastKnownFileType = file.storyboard; name = Base; path = Base.lproj/LaunchScreen.storyboard; sourceTree = "<group>"; };
		66B1E7812479B324007559EB /* Info.plist */ = {isa = PBXFileReference; lastKnownFileType = text.plist.xml; path = Info.plist; sourceTree = "<group>"; };
		66E253D3247B13D10015E320 /* Plane.swift */ = {isa = PBXFileReference; lastKnownFileType = sourcecode.swift; path = Plane.swift; sourceTree = "<group>"; };
/* End PBXFileReference section */

/* Begin PBXFrameworksBuildPhase section */
		66B1E76D2479B324007559EB /* Frameworks */ = {
			isa = PBXFrameworksBuildPhase;
			buildActionMask = 2147483647;
			files = (
				6661E1EC247DE6B20023803C /* Decomposed.framework in Frameworks */,
			);
			runOnlyForDeploymentPostprocessing = 0;
		};
/* End PBXFrameworksBuildPhase section */

/* Begin PBXGroup section */
		6661E1E7247DE6AC0023803C /* Products */ = {
			isa = PBXGroup;
			children = (
				6661E1EB247DE6AC0023803C /* Decomposed.framework */,
			);
			name = Products;
			sourceTree = "<group>";
		};
		66B1E7672479B324007559EB = {
			isa = PBXGroup;
			children = (
				6661E1E6247DE6AC0023803C /* Decomposed.xcodeproj */,
				66B1E7722479B324007559EB /* DecomposedAR */,
				66B1E7712479B324007559EB /* Products */,
				66B1E78D2479BAE3007559EB /* Frameworks */,
			);
			sourceTree = "<group>";
		};
		66B1E7712479B324007559EB /* Products */ = {
			isa = PBXGroup;
			children = (
				66B1E7702479B324007559EB /* DecomposedAR.app */,
			);
			name = Products;
			sourceTree = "<group>";
		};
		66B1E7722479B324007559EB /* DecomposedAR */ = {
			isa = PBXGroup;
			children = (
				66B1E7732479B324007559EB /* AppDelegate.swift */,
				66B1E7772479B324007559EB /* ViewController.swift */,
				66E253D3247B13D10015E320 /* Plane.swift */,
				66B1E77C2479B324007559EB /* Assets.xcassets */,
				66B1E77E2479B324007559EB /* LaunchScreen.storyboard */,
				66B1E7812479B324007559EB /* Info.plist */,
			);
			path = DecomposedAR;
			sourceTree = "<group>";
		};
		66B1E78D2479BAE3007559EB /* Frameworks */ = {
			isa = PBXGroup;
			children = (
			);
			name = Frameworks;
			sourceTree = "<group>";
		};
/* End PBXGroup section */

/* Begin PBXNativeTarget section */
		66B1E76F2479B324007559EB /* DecomposedAR */ = {
			isa = PBXNativeTarget;
			buildConfigurationList = 66B1E7842479B324007559EB /* Build configuration list for PBXNativeTarget "DecomposedAR" */;
			buildPhases = (
				66B1E76C2479B324007559EB /* Sources */,
				66B1E76D2479B324007559EB /* Frameworks */,
				66B1E76E2479B324007559EB /* Resources */,
			);
			buildRules = (
			);
			dependencies = (
			);
			name = DecomposedAR;
			packageProductDependencies = (
			);
			productName = DecomposedAR;
			productReference = 66B1E7702479B324007559EB /* DecomposedAR.app */;
			productType = "com.apple.product-type.application";
		};
/* End PBXNativeTarget section */

/* Begin PBXProject section */
		66B1E7682479B324007559EB /* Project object */ = {
			isa = PBXProject;
			attributes = {
				LastSwiftUpdateCheck = 1150;
				LastUpgradeCheck = 1150;
				ORGANIZATIONNAME = "Adam Bell";
				TargetAttributes = {
					66B1E76F2479B324007559EB = {
						CreatedOnToolsVersion = 11.5;
					};
				};
			};
			buildConfigurationList = 66B1E76B2479B324007559EB /* Build configuration list for PBXProject "DecomposedAR" */;
			compatibilityVersion = "Xcode 9.3";
			developmentRegion = en;
			hasScannedForEncodings = 0;
			knownRegions = (
				en,
				Base,
			);
			mainGroup = 66B1E7672479B324007559EB;
			packageReferences = (
			);
			productRefGroup = 66B1E7712479B324007559EB /* Products */;
			projectDirPath = "";
			projectReferences = (
				{
					ProductGroup = 6661E1E7247DE6AC0023803C /* Products */;
					ProjectRef = 6661E1E6247DE6AC0023803C /* Decomposed.xcodeproj */;
				},
			);
			projectRoot = "";
			targets = (
				66B1E76F2479B324007559EB /* DecomposedAR */,
			);
		};
/* End PBXProject section */

/* Begin PBXReferenceProxy section */
		6661E1EB247DE6AC0023803C /* Decomposed.framework */ = {
			isa = PBXReferenceProxy;
			fileType = wrapper.framework;
			path = Decomposed.framework;
			remoteRef = 6661E1EA247DE6AC0023803C /* PBXContainerItemProxy */;
			sourceTree = BUILT_PRODUCTS_DIR;
		};
/* End PBXReferenceProxy section */

/* Begin PBXResourcesBuildPhase section */
		66B1E76E2479B324007559EB /* Resources */ = {
			isa = PBXResourcesBuildPhase;
			buildActionMask = 2147483647;
			files = (
				66B1E7802479B324007559EB /* LaunchScreen.storyboard in Resources */,
				66B1E77D2479B324007559EB /* Assets.xcassets in Resources */,
			);
			runOnlyForDeploymentPostprocessing = 0;
		};
/* End PBXResourcesBuildPhase section */

/* Begin PBXSourcesBuildPhase section */
		66B1E76C2479B324007559EB /* Sources */ = {
			isa = PBXSourcesBuildPhase;
			buildActionMask = 2147483647;
			files = (
				66B1E7782479B324007559EB /* ViewController.swift in Sources */,
				66E253D4247B13D10015E320 /* Plane.swift in Sources */,
				66B1E7742479B324007559EB /* AppDelegate.swift in Sources */,
			);
			runOnlyForDeploymentPostprocessing = 0;
		};
/* End PBXSourcesBuildPhase section */

/* Begin PBXVariantGroup section */
		66B1E77E2479B324007559EB /* LaunchScreen.storyboard */ = {
			isa = PBXVariantGroup;
			children = (
				66B1E77F2479B324007559EB /* Base */,
			);
			name = LaunchScreen.storyboard;
			sourceTree = "<group>";
		};
/* End PBXVariantGroup section */

/* Begin XCBuildConfiguration section */
		66B1E7822479B324007559EB /* Debug */ = {
			isa = XCBuildConfiguration;
			buildSettings = {
				ALWAYS_SEARCH_USER_PATHS = NO;
				CLANG_ANALYZER_NONNULL = YES;
				CLANG_ANALYZER_NUMBER_OBJECT_CONVERSION = YES_AGGRESSIVE;
				CLANG_CXX_LANGUAGE_STANDARD = "gnu++14";
				CLANG_CXX_LIBRARY = "libc++";
				CLANG_ENABLE_MODULES = YES;
				CLANG_ENABLE_OBJC_ARC = YES;
				CLANG_ENABLE_OBJC_WEAK = YES;
				CLANG_WARN_BLOCK_CAPTURE_AUTORELEASING = YES;
				CLANG_WARN_BOOL_CONVERSION = YES;
				CLANG_WARN_COMMA = YES;
				CLANG_WARN_CONSTANT_CONVERSION = YES;
				CLANG_WARN_DEPRECATED_OBJC_IMPLEMENTATIONS = YES;
				CLANG_WARN_DIRECT_OBJC_ISA_USAGE = YES_ERROR;
				CLANG_WARN_DOCUMENTATION_COMMENTS = YES;
				CLANG_WARN_EMPTY_BODY = YES;
				CLANG_WARN_ENUM_CONVERSION = YES;
				CLANG_WARN_INFINITE_RECURSION = YES;
				CLANG_WARN_INT_CONVERSION = YES;
				CLANG_WARN_NON_LITERAL_NULL_CONVERSION = YES;
				CLANG_WARN_OBJC_IMPLICIT_RETAIN_SELF = YES;
				CLANG_WARN_OBJC_LITERAL_CONVERSION = YES;
				CLANG_WARN_OBJC_ROOT_CLASS = YES_ERROR;
				CLANG_WARN_RANGE_LOOP_ANALYSIS = YES;
				CLANG_WARN_STRICT_PROTOTYPES = YES;
				CLANG_WARN_SUSPICIOUS_MOVE = YES;
				CLANG_WARN_UNGUARDED_AVAILABILITY = YES_AGGRESSIVE;
				CLANG_WARN_UNREACHABLE_CODE = YES;
				CLANG_WARN__DUPLICATE_METHOD_MATCH = YES;
				COPY_PHASE_STRIP = NO;
				DEBUG_INFORMATION_FORMAT = dwarf;
				ENABLE_STRICT_OBJC_MSGSEND = YES;
				ENABLE_TESTABILITY = YES;
				GCC_C_LANGUAGE_STANDARD = gnu11;
				GCC_DYNAMIC_NO_PIC = NO;
				GCC_NO_COMMON_BLOCKS = YES;
				GCC_OPTIMIZATION_LEVEL = 0;
				GCC_PREPROCESSOR_DEFINITIONS = (
					"DEBUG=1",
					"$(inherited)",
				);
				GCC_WARN_64_TO_32_BIT_CONVERSION = YES;
				GCC_WARN_ABOUT_RETURN_TYPE = YES_ERROR;
				GCC_WARN_UNDECLARED_SELECTOR = YES;
				GCC_WARN_UNINITIALIZED_AUTOS = YES_AGGRESSIVE;
				GCC_WARN_UNUSED_FUNCTION = YES;
				GCC_WARN_UNUSED_VARIABLE = YES;
				IPHONEOS_DEPLOYMENT_TARGET = 13.5;
				MTL_ENABLE_DEBUG_INFO = INCLUDE_SOURCE;
				MTL_FAST_MATH = YES;
				ONLY_ACTIVE_ARCH = YES;
				SDKROOT = iphoneos;
				SWIFT_ACTIVE_COMPILATION_CONDITIONS = DEBUG;
				SWIFT_OPTIMIZATION_LEVEL = "-Onone";
			};
			name = Debug;
		};
		66B1E7832479B324007559EB /* Release */ = {
			isa = XCBuildConfiguration;
			buildSettings = {
				ALWAYS_SEARCH_USER_PATHS = NO;
				CLANG_ANALYZER_NONNULL = YES;
				CLANG_ANALYZER_NUMBER_OBJECT_CONVERSION = YES_AGGRESSIVE;
				CLANG_CXX_LANGUAGE_STANDARD = "gnu++14";
				CLANG_CXX_LIBRARY = "libc++";
				CLANG_ENABLE_MODULES = YES;
				CLANG_ENABLE_OBJC_ARC = YES;
				CLANG_ENABLE_OBJC_WEAK = YES;
				CLANG_WARN_BLOCK_CAPTURE_AUTORELEASING = YES;
				CLANG_WARN_BOOL_CONVERSION = YES;
				CLANG_WARN_COMMA = YES;
				CLANG_WARN_CONSTANT_CONVERSION = YES;
				CLANG_WARN_DEPRECATED_OBJC_IMPLEMENTATIONS = YES;
				CLANG_WARN_DIRECT_OBJC_ISA_USAGE = YES_ERROR;
				CLANG_WARN_DOCUMENTATION_COMMENTS = YES;
				CLANG_WARN_EMPTY_BODY = YES;
				CLANG_WARN_ENUM_CONVERSION = YES;
				CLANG_WARN_INFINITE_RECURSION = YES;
				CLANG_WARN_INT_CONVERSION = YES;
				CLANG_WARN_NON_LITERAL_NULL_CONVERSION = YES;
				CLANG_WARN_OBJC_IMPLICIT_RETAIN_SELF = YES;
				CLANG_WARN_OBJC_LITERAL_CONVERSION = YES;
				CLANG_WARN_OBJC_ROOT_CLASS = YES_ERROR;
				CLANG_WARN_RANGE_LOOP_ANALYSIS = YES;
				CLANG_WARN_STRICT_PROTOTYPES = YES;
				CLANG_WARN_SUSPICIOUS_MOVE = YES;
				CLANG_WARN_UNGUARDED_AVAILABILITY = YES_AGGRESSIVE;
				CLANG_WARN_UNREACHABLE_CODE = YES;
				CLANG_WARN__DUPLICATE_METHOD_MATCH = YES;
				COPY_PHASE_STRIP = NO;
				DEBUG_INFORMATION_FORMAT = "dwarf-with-dsym";
				ENABLE_NS_ASSERTIONS = NO;
				ENABLE_STRICT_OBJC_MSGSEND = YES;
				GCC_C_LANGUAGE_STANDARD = gnu11;
				GCC_NO_COMMON_BLOCKS = YES;
				GCC_WARN_64_TO_32_BIT_CONVERSION = YES;
				GCC_WARN_ABOUT_RETURN_TYPE = YES_ERROR;
				GCC_WARN_UNDECLARED_SELECTOR = YES;
				GCC_WARN_UNINITIALIZED_AUTOS = YES_AGGRESSIVE;
				GCC_WARN_UNUSED_FUNCTION = YES;
				GCC_WARN_UNUSED_VARIABLE = YES;
				IPHONEOS_DEPLOYMENT_TARGET = 13.5;
				MTL_ENABLE_DEBUG_INFO = NO;
				MTL_FAST_MATH = YES;
				SDKROOT = iphoneos;
				SWIFT_COMPILATION_MODE = wholemodule;
				SWIFT_OPTIMIZATION_LEVEL = "-O";
				VALIDATE_PRODUCT = YES;
			};
			name = Release;
		};
		66B1E7852479B324007559EB /* Debug */ = {
			isa = XCBuildConfiguration;
			buildSettings = {
				ASSETCATALOG_COMPILER_APPICON_NAME = AppIcon;
				CODE_SIGN_STYLE = Automatic;
				DEVELOPMENT_TEAM = 6TK23TLYP7;
				INFOPLIST_FILE = DecomposedAR/Info.plist;
				LD_RUNPATH_SEARCH_PATHS = (
					"$(inherited)",
					"@executable_path/Frameworks",
				);
				PRODUCT_BUNDLE_IDENTIFIER = ca.adambell.DecomposedAR;
				PRODUCT_NAME = "$(TARGET_NAME)";
				SWIFT_VERSION = 5.0;
				TARGETED_DEVICE_FAMILY = "1,2";
			};
			name = Debug;
		};
		66B1E7862479B324007559EB /* Release */ = {
			isa = XCBuildConfiguration;
			buildSettings = {
				ASSETCATALOG_COMPILER_APPICON_NAME = AppIcon;
				CODE_SIGN_STYLE = Automatic;
				DEVELOPMENT_TEAM = 6TK23TLYP7;
				INFOPLIST_FILE = DecomposedAR/Info.plist;
				LD_RUNPATH_SEARCH_PATHS = (
					"$(inherited)",
					"@executable_path/Frameworks",
				);
				PRODUCT_BUNDLE_IDENTIFIER = ca.adambell.DecomposedAR;
				PRODUCT_NAME = "$(TARGET_NAME)";
				SWIFT_VERSION = 5.0;
				TARGETED_DEVICE_FAMILY = "1,2";
			};
			name = Release;
		};
/* End XCBuildConfiguration section */

/* Begin XCConfigurationList section */
		66B1E76B2479B324007559EB /* Build configuration list for PBXProject "DecomposedAR" */ = {
			isa = XCConfigurationList;
			buildConfigurations = (
				66B1E7822479B324007559EB /* Debug */,
				66B1E7832479B324007559EB /* Release */,
			);
			defaultConfigurationIsVisible = 0;
			defaultConfigurationName = Release;
		};
		66B1E7842479B324007559EB /* Build configuration list for PBXNativeTarget "DecomposedAR" */ = {
			isa = XCConfigurationList;
			buildConfigurations = (
				66B1E7852479B324007559EB /* Debug */,
				66B1E7862479B324007559EB /* Release */,
			);
			defaultConfigurationIsVisible = 0;
			defaultConfigurationName = Release;
		};
/* End XCConfigurationList section */
	};
	rootObject = 66B1E7682479B324007559EB /* Project object */;
}
